
Microsoft Visual Studio Solution File, Format Version 12.00
# Visual Studio 15
VisualStudioVersion = 15.0.26403.7
MinimumVisualStudioVersion = 10.0.40219.1
Project("{9A19103F-16F7-4668-BE54-9A1E7A4F7556}") = "TRNMNT.Web", "TRNMNT.Web.csproj", "{47FD88B1-984B-473B-98E5-277D79E3F35D}"
EndProject
Project("{FAE04EC0-301F-11D3-BF4B-00C04F79EFBC}") = "TRNMNT.Data", "..\TRNMNT.Data\TRNMNT.Data.csproj", "{ADE68249-D27B-42D3-BA50-1845A1CC79E9}"
EndProject
Project("{FAE04EC0-301F-11D3-BF4B-00C04F79EFBC}") = "TRNMNT.Core", "..\TRNMNT.Core\TRNMNT.Core.csproj", "{C4D3C628-6EF9-47C7-AB86-4EF775B21957}"
EndProject
Global
	GlobalSection(SolutionConfigurationPlatforms) = preSolution
		Debug|Any CPU = Debug|Any CPU
		Release|Any CPU = Release|Any CPU
	EndGlobalSection
	GlobalSection(ProjectConfigurationPlatforms) = postSolution
		{47FD88B1-984B-473B-98E5-277D79E3F35D}.Debug|Any CPU.ActiveCfg = Debug|Any CPU
		{47FD88B1-984B-473B-98E5-277D79E3F35D}.Debug|Any CPU.Build.0 = Debug|Any CPU
		{47FD88B1-984B-473B-98E5-277D79E3F35D}.Release|Any CPU.ActiveCfg = Release|Any CPU
		{47FD88B1-984B-473B-98E5-277D79E3F35D}.Release|Any CPU.Build.0 = Release|Any CPU
		{ADE68249-D27B-42D3-BA50-1845A1CC79E9}.Debug|Any CPU.ActiveCfg = Debug|Any CPU
		{ADE68249-D27B-42D3-BA50-1845A1CC79E9}.Debug|Any CPU.Build.0 = Debug|Any CPU
		{ADE68249-D27B-42D3-BA50-1845A1CC79E9}.Release|Any CPU.ActiveCfg = Release|Any CPU
		{ADE68249-D27B-42D3-BA50-1845A1CC79E9}.Release|Any CPU.Build.0 = Release|Any CPU
		{C4D3C628-6EF9-47C7-AB86-4EF775B21957}.Debug|Any CPU.ActiveCfg = Debug|Any CPU
		{C4D3C628-6EF9-47C7-AB86-4EF775B21957}.Debug|Any CPU.Build.0 = Debug|Any CPU
		{C4D3C628-6EF9-47C7-AB86-4EF775B21957}.Release|Any CPU.ActiveCfg = Release|Any CPU
		{C4D3C628-6EF9-47C7-AB86-4EF775B21957}.Release|Any CPU.Build.0 = Release|Any CPU
	EndGlobalSection
	GlobalSection(SolutionProperties) = preSolution
		HideSolutionNode = FALSE
	EndGlobalSection
EndGlobal
